
Microsoft Visual Studio Solution File, Format Version 12.00
# Visual Studio Version 17
VisualStudioVersion = 17.13.35825.156 d17.13
MinimumVisualStudioVersion = 10.0.40219.1
Project("{FAE04EC0-301F-11D3-BF4B-00C04F79EFBC}") = "Lab05Lib", "Lab05Lib.csproj", "{29F6BB6D-6084-4DBC-B3F9-DC02F2836DCA}"
EndProject
Global
	GlobalSection(SolutionConfigurationPlatforms) = preSolution
		Debug|Any CPU = Debug|Any CPU
		Release|Any CPU = Release|Any CPU
	EndGlobalSection
	GlobalSection(ProjectConfigurationPlatforms) = postSolution
		{29F6BB6D-6084-4DBC-B3F9-DC02F2836DCA}.Debug|Any CPU.ActiveCfg = Debug|Any CPU
		{29F6BB6D-6084-4DBC-B3F9-DC02F2836DCA}.Debug|Any CPU.Build.0 = Debug|Any CPU
		{29F6BB6D-6084-4DBC-B3F9-DC02F2836DCA}.Release|Any CPU.ActiveCfg = Release|Any CPU
		{29F6BB6D-6084-4DBC-B3F9-DC02F2836DCA}.Release|Any CPU.Build.0 = Release|Any CPU
	EndGlobalSection
	GlobalSection(SolutionProperties) = preSolution
		HideSolutionNode = FALSE
	EndGlobalSection
	GlobalSection(ExtensibilityGlobals) = postSolution
		SolutionGuid = {E68278AD-65F4-481E-8DC8-789C4DD90FFC}
	EndGlobalSection
EndGlobal
